
Microsoft Visual Studio Solution File, Format Version 12.00
# Visual Studio Version 17
VisualStudioVersion = 17.2.32616.157
MinimumVisualStudioVersion = 10.0.40219.1
Project("{2150E333-8FDC-42A3-9474-1A3956D46DE8}") = "src", "src", "{2FD42280-F3A4-4C1B-8DF4-102519A9A0CC}"
EndProject
Project("{2150E333-8FDC-42A3-9474-1A3956D46DE8}") = "FrontEnd", "FrontEnd", "{4EC6BC29-F980-4C0B-A545-9547F73E086D}"
EndProject
Project("{FAE04EC0-301F-11D3-BF4B-00C04F79EFBC}") = "MicroserviceApp.Web", "MicroserviceApp.Web\MicroserviceApp.Web.csproj", "{C019286F-3F50-4A35-8D87-058EB0229172}"
EndProject
Project("{2150E333-8FDC-42A3-9474-1A3956D46DE8}") = "Services", "Services", "{410F5C15-1CF6-490D-805B-51273E2A1BC7}"
EndProject
Project("{FAE04EC0-301F-11D3-BF4B-00C04F79EFBC}") = "MicroservicesApp.Product.API", "MicroservicesApp.Product.API\MicroservicesApp.Product.API.csproj", "{6DA47B78-6586-4184-98AF-EFEC6C7A2ADD}"
EndProject
Global
	GlobalSection(SolutionConfigurationPlatforms) = preSolution
		Debug|Any CPU = Debug|Any CPU
		Release|Any CPU = Release|Any CPU
	EndGlobalSection
	GlobalSection(ProjectConfigurationPlatforms) = postSolution
		{C019286F-3F50-4A35-8D87-058EB0229172}.Debug|Any CPU.ActiveCfg = Debug|Any CPU
		{C019286F-3F50-4A35-8D87-058EB0229172}.Debug|Any CPU.Build.0 = Debug|Any CPU
		{C019286F-3F50-4A35-8D87-058EB0229172}.Release|Any CPU.ActiveCfg = Release|Any CPU
		{C019286F-3F50-4A35-8D87-058EB0229172}.Release|Any CPU.Build.0 = Release|Any CPU
		{6DA47B78-6586-4184-98AF-EFEC6C7A2ADD}.Debug|Any CPU.ActiveCfg = Debug|Any CPU
		{6DA47B78-6586-4184-98AF-EFEC6C7A2ADD}.Debug|Any CPU.Build.0 = Debug|Any CPU
		{6DA47B78-6586-4184-98AF-EFEC6C7A2ADD}.Release|Any CPU.ActiveCfg = Release|Any CPU
		{6DA47B78-6586-4184-98AF-EFEC6C7A2ADD}.Release|Any CPU.Build.0 = Release|Any CPU
	EndGlobalSection
	GlobalSection(SolutionProperties) = preSolution
		HideSolutionNode = FALSE
	EndGlobalSection
	GlobalSection(NestedProjects) = preSolution
		{4EC6BC29-F980-4C0B-A545-9547F73E086D} = {2FD42280-F3A4-4C1B-8DF4-102519A9A0CC}
		{C019286F-3F50-4A35-8D87-058EB0229172} = {4EC6BC29-F980-4C0B-A545-9547F73E086D}
		{410F5C15-1CF6-490D-805B-51273E2A1BC7} = {2FD42280-F3A4-4C1B-8DF4-102519A9A0CC}
		{6DA47B78-6586-4184-98AF-EFEC6C7A2ADD} = {410F5C15-1CF6-490D-805B-51273E2A1BC7}
	EndGlobalSection
	GlobalSection(ExtensibilityGlobals) = postSolution
		SolutionGuid = {D03889F5-46B4-4B73-8647-20B097D3977C}
	EndGlobalSection
EndGlobal
